
Microsoft Visual Studio Solution File, Format Version 12.00
# Visual Studio 2013
VisualStudioVersion = 12.0.21005.1
MinimumVisualStudioVersion = 10.0.40219.1
Project("{FAE04EC0-301F-11D3-BF4B-00C04F79EFBC}") = "Business", "Business\Business.csproj", "{11679148-F46D-4633-A934-1D5BEAFCB9A7}"
EndProject
Project("{FAE04EC0-301F-11D3-BF4B-00C04F79EFBC}") = "Models", "Models\Models.csproj", "{BBBD9973-3860-442F-97BB-764EF2DE10F2}"
EndProject
Project("{2150E333-8FDC-42A3-9474-1A3956D46DE8}") = "UT", "UT", "{E9BA6CDC-26F3-4EEE-AB7E-5702BD3C6260}"
EndProject
Project("{FAE04EC0-301F-11D3-BF4B-00C04F79EFBC}") = "UTWeb", "UTWeb\UTWeb.csproj", "{4D328D0B-A5F9-4449-B6B3-D3EB0D92CBEC}"
EndProject
Project("{FAE04EC0-301F-11D3-BF4B-00C04F79EFBC}") = "SelfDiscoveryWebAPI", "SelfDiscoveryWebAPI\SelfDiscoveryWebAPI.csproj", "{15235A77-D780-4F08-8D63-B62BC18D05BA}"
EndProject
Global
	GlobalSection(SolutionConfigurationPlatforms) = preSolution
		Debug|Any CPU = Debug|Any CPU
		Release|Any CPU = Release|Any CPU
	EndGlobalSection
	GlobalSection(ProjectConfigurationPlatforms) = postSolution
		{11679148-F46D-4633-A934-1D5BEAFCB9A7}.Debug|Any CPU.ActiveCfg = Debug|Any CPU
		{11679148-F46D-4633-A934-1D5BEAFCB9A7}.Debug|Any CPU.Build.0 = Debug|Any CPU
		{11679148-F46D-4633-A934-1D5BEAFCB9A7}.Release|Any CPU.ActiveCfg = Release|Any CPU
		{11679148-F46D-4633-A934-1D5BEAFCB9A7}.Release|Any CPU.Build.0 = Release|Any CPU
		{BBBD9973-3860-442F-97BB-764EF2DE10F2}.Debug|Any CPU.ActiveCfg = Debug|Any CPU
		{BBBD9973-3860-442F-97BB-764EF2DE10F2}.Debug|Any CPU.Build.0 = Debug|Any CPU
		{BBBD9973-3860-442F-97BB-764EF2DE10F2}.Release|Any CPU.ActiveCfg = Release|Any CPU
		{BBBD9973-3860-442F-97BB-764EF2DE10F2}.Release|Any CPU.Build.0 = Release|Any CPU
		{4D328D0B-A5F9-4449-B6B3-D3EB0D92CBEC}.Debug|Any CPU.ActiveCfg = Debug|Any CPU
		{4D328D0B-A5F9-4449-B6B3-D3EB0D92CBEC}.Debug|Any CPU.Build.0 = Debug|Any CPU
		{4D328D0B-A5F9-4449-B6B3-D3EB0D92CBEC}.Release|Any CPU.ActiveCfg = Release|Any CPU
		{4D328D0B-A5F9-4449-B6B3-D3EB0D92CBEC}.Release|Any CPU.Build.0 = Release|Any CPU
		{15235A77-D780-4F08-8D63-B62BC18D05BA}.Debug|Any CPU.ActiveCfg = Debug|Any CPU
		{15235A77-D780-4F08-8D63-B62BC18D05BA}.Debug|Any CPU.Build.0 = Debug|Any CPU
		{15235A77-D780-4F08-8D63-B62BC18D05BA}.Release|Any CPU.ActiveCfg = Release|Any CPU
		{15235A77-D780-4F08-8D63-B62BC18D05BA}.Release|Any CPU.Build.0 = Release|Any CPU
	EndGlobalSection
	GlobalSection(SolutionProperties) = preSolution
		HideSolutionNode = FALSE
	EndGlobalSection
	GlobalSection(NestedProjects) = preSolution
		{4D328D0B-A5F9-4449-B6B3-D3EB0D92CBEC} = {E9BA6CDC-26F3-4EEE-AB7E-5702BD3C6260}
	EndGlobalSection
EndGlobal
